
Microsoft Visual Studio Solution File, Format Version 12.00
# Visual Studio Version 16
VisualStudioVersion = 16.0.32002.261
MinimumVisualStudioVersion = 10.0.40219.1
Project("{FAE04EC0-301F-11D3-BF4B-00C04F79EFBC}") = "CurrencyUpdater", "CurrencyUpdater\CurrencyUpdater.csproj", "{C0287573-7F1E-43CF-A48B-23E6A9FAF894}"
EndProject
Project("{FAE04EC0-301F-11D3-BF4B-00C04F79EFBC}") = "CurrencyUpdaterHost", "CurrencyUpdaterHost\CurrencyUpdaterHost.csproj", "{48705CB3-40B4-4CC5-86A1-E6AAD42D746B}"
EndProject
Project("{FAE04EC0-301F-11D3-BF4B-00C04F79EFBC}") = "CurrencyUpdaterTests", "CurrencyUpdaterTests\CurrencyUpdaterTests.csproj", "{44750FDA-70A5-443A-AB3C-9BB824F8B48A}"
EndProject
Project("{FAE04EC0-301F-11D3-BF4B-00C04F79EFBC}") = "Client", "..\Client\Client\Client.csproj", "{D8B1250D-52D1-4F54-A90E-35CA03DE4B03}"
EndProject
Global
	GlobalSection(SolutionConfigurationPlatforms) = preSolution
		Debug|Any CPU = Debug|Any CPU
		Release|Any CPU = Release|Any CPU
	EndGlobalSection
	GlobalSection(ProjectConfigurationPlatforms) = postSolution
		{C0287573-7F1E-43CF-A48B-23E6A9FAF894}.Debug|Any CPU.ActiveCfg = Debug|Any CPU
		{C0287573-7F1E-43CF-A48B-23E6A9FAF894}.Debug|Any CPU.Build.0 = Debug|Any CPU
		{C0287573-7F1E-43CF-A48B-23E6A9FAF894}.Release|Any CPU.ActiveCfg = Release|Any CPU
		{C0287573-7F1E-43CF-A48B-23E6A9FAF894}.Release|Any CPU.Build.0 = Release|Any CPU
		{48705CB3-40B4-4CC5-86A1-E6AAD42D746B}.Debug|Any CPU.ActiveCfg = Debug|Any CPU
		{48705CB3-40B4-4CC5-86A1-E6AAD42D746B}.Debug|Any CPU.Build.0 = Debug|Any CPU
		{48705CB3-40B4-4CC5-86A1-E6AAD42D746B}.Release|Any CPU.ActiveCfg = Release|Any CPU
		{48705CB3-40B4-4CC5-86A1-E6AAD42D746B}.Release|Any CPU.Build.0 = Release|Any CPU
		{44750FDA-70A5-443A-AB3C-9BB824F8B48A}.Debug|Any CPU.ActiveCfg = Debug|Any CPU
		{44750FDA-70A5-443A-AB3C-9BB824F8B48A}.Debug|Any CPU.Build.0 = Debug|Any CPU
		{44750FDA-70A5-443A-AB3C-9BB824F8B48A}.Release|Any CPU.ActiveCfg = Release|Any CPU
		{44750FDA-70A5-443A-AB3C-9BB824F8B48A}.Release|Any CPU.Build.0 = Release|Any CPU
		{D8B1250D-52D1-4F54-A90E-35CA03DE4B03}.Debug|Any CPU.ActiveCfg = Debug|Any CPU
		{D8B1250D-52D1-4F54-A90E-35CA03DE4B03}.Debug|Any CPU.Build.0 = Debug|Any CPU
		{D8B1250D-52D1-4F54-A90E-35CA03DE4B03}.Release|Any CPU.ActiveCfg = Release|Any CPU
		{D8B1250D-52D1-4F54-A90E-35CA03DE4B03}.Release|Any CPU.Build.0 = Release|Any CPU
	EndGlobalSection
	GlobalSection(SolutionProperties) = preSolution
		HideSolutionNode = FALSE
	EndGlobalSection
	GlobalSection(ExtensibilityGlobals) = postSolution
		SolutionGuid = {5BDE5E43-8AB1-4819-ACE9-974E72D2576A}
	EndGlobalSection
EndGlobal
